
Microsoft Visual Studio Solution File, Format Version 12.00
# Visual Studio Version 17
VisualStudioVersion = 17.8.34322.80
MinimumVisualStudioVersion = 10.0.40219.1
Project("{8BC9CEB8-8B4A-11D0-8D11-00A0C91BC942}") = "DemoApplication", "DemoApplication\DemoApplication.vcxproj", "{33A1B318-824B-4219-843C-E11059ED55D3}"
EndProject
Project("{8BC9CEB8-8B4A-11D0-8D11-00A0C91BC942}") = "Injector", "Injector\Injector.vcxproj", "{1431C0B9-DDDE-46AB-B510-44D1E10BFD43}"
EndProject
Project("{8BC9CEB8-8B4A-11D0-8D11-00A0C91BC942}") = "Reimplementation", "ReimplementationDLL\ReimplementationDLL.vcxproj", "{24CF533B-00C7-4CB3-A75D-7A31345D7A9B}"
EndProject
Global
	GlobalSection(SolutionConfigurationPlatforms) = preSolution
		Debug|x64 = Debug|x64
		Debug|x86 = Debug|x86
		Release|x64 = Release|x64
		Release|x86 = Release|x86
	EndGlobalSection
	GlobalSection(ProjectConfigurationPlatforms) = postSolution
		{33A1B318-824B-4219-843C-E11059ED55D3}.Debug|x64.ActiveCfg = Debug|x64
		{33A1B318-824B-4219-843C-E11059ED55D3}.Debug|x64.Build.0 = Debug|x64
		{33A1B318-824B-4219-843C-E11059ED55D3}.Debug|x86.ActiveCfg = Debug|Win32
		{33A1B318-824B-4219-843C-E11059ED55D3}.Debug|x86.Build.0 = Debug|Win32
		{33A1B318-824B-4219-843C-E11059ED55D3}.Release|x64.ActiveCfg = Release|x64
		{33A1B318-824B-4219-843C-E11059ED55D3}.Release|x64.Build.0 = Release|x64
		{33A1B318-824B-4219-843C-E11059ED55D3}.Release|x86.ActiveCfg = Release|Win32
		{33A1B318-824B-4219-843C-E11059ED55D3}.Release|x86.Build.0 = Release|Win32
		{1431C0B9-DDDE-46AB-B510-44D1E10BFD43}.Debug|x64.ActiveCfg = Debug|x64
		{1431C0B9-DDDE-46AB-B510-44D1E10BFD43}.Debug|x64.Build.0 = Debug|x64
		{1431C0B9-DDDE-46AB-B510-44D1E10BFD43}.Debug|x86.ActiveCfg = Debug|Win32
		{1431C0B9-DDDE-46AB-B510-44D1E10BFD43}.Debug|x86.Build.0 = Debug|Win32
		{1431C0B9-DDDE-46AB-B510-44D1E10BFD43}.Release|x64.ActiveCfg = Release|x64
		{1431C0B9-DDDE-46AB-B510-44D1E10BFD43}.Release|x64.Build.0 = Release|x64
		{1431C0B9-DDDE-46AB-B510-44D1E10BFD43}.Release|x86.ActiveCfg = Release|Win32
		{1431C0B9-DDDE-46AB-B510-44D1E10BFD43}.Release|x86.Build.0 = Release|Win32
		{24CF533B-00C7-4CB3-A75D-7A31345D7A9B}.Debug|x64.ActiveCfg = Debug|x64
		{24CF533B-00C7-4CB3-A75D-7A31345D7A9B}.Debug|x64.Build.0 = Debug|x64
		{24CF533B-00C7-4CB3-A75D-7A31345D7A9B}.Debug|x86.ActiveCfg = Debug|Win32
		{24CF533B-00C7-4CB3-A75D-7A31345D7A9B}.Debug|x86.Build.0 = Debug|Win32
		{24CF533B-00C7-4CB3-A75D-7A31345D7A9B}.Release|x64.ActiveCfg = Release|x64
		{24CF533B-00C7-4CB3-A75D-7A31345D7A9B}.Release|x64.Build.0 = Release|x64
		{24CF533B-00C7-4CB3-A75D-7A31345D7A9B}.Release|x86.ActiveCfg = Release|Win32
		{24CF533B-00C7-4CB3-A75D-7A31345D7A9B}.Release|x86.Build.0 = Release|Win32
	EndGlobalSection
	GlobalSection(SolutionProperties) = preSolution
		HideSolutionNode = FALSE
	EndGlobalSection
	GlobalSection(ExtensibilityGlobals) = postSolution
		SolutionGuid = {5B581DEE-C05E-4B4E-80AE-CAF113E50072}
	EndGlobalSection
EndGlobal
